
Microsoft Visual Studio Solution File, Format Version 12.00
# Visual Studio Version 17
VisualStudioVersion = 17.10.35013.160
MinimumVisualStudioVersion = 10.0.40219.1
Project("{FAE04EC0-301F-11D3-BF4B-00C04F79EFBC}") = "DesktopApp", "DesktopApp\DesktopApp.csproj", "{1F31A905-2170-4D5D-8235-D2FE32324894}"
EndProject
Global
	GlobalSection(SolutionConfigurationPlatforms) = preSolution
		Debug|ARM = Debug|ARM
		Debug|ARM64 = Debug|ARM64
		Debug|x64 = Debug|x64
		Debug|x86 = Debug|x86
		Release|ARM = Release|ARM
		Release|ARM64 = Release|ARM64
		Release|x64 = Release|x64
		Release|x86 = Release|x86
	EndGlobalSection
	GlobalSection(ProjectConfigurationPlatforms) = postSolution
		{1F31A905-2170-4D5D-8235-D2FE32324894}.Debug|ARM.ActiveCfg = Debug|ARM
		{1F31A905-2170-4D5D-8235-D2FE32324894}.Debug|ARM.Build.0 = Debug|ARM
		{1F31A905-2170-4D5D-8235-D2FE32324894}.Debug|ARM.Deploy.0 = Debug|ARM
		{1F31A905-2170-4D5D-8235-D2FE32324894}.Debug|ARM64.ActiveCfg = Debug|ARM64
		{1F31A905-2170-4D5D-8235-D2FE32324894}.Debug|ARM64.Build.0 = Debug|ARM64
		{1F31A905-2170-4D5D-8235-D2FE32324894}.Debug|ARM64.Deploy.0 = Debug|ARM64
		{1F31A905-2170-4D5D-8235-D2FE32324894}.Debug|x64.ActiveCfg = Debug|x64
		{1F31A905-2170-4D5D-8235-D2FE32324894}.Debug|x64.Build.0 = Debug|x64
		{1F31A905-2170-4D5D-8235-D2FE32324894}.Debug|x64.Deploy.0 = Debug|x64
		{1F31A905-2170-4D5D-8235-D2FE32324894}.Debug|x86.ActiveCfg = Debug|x86
		{1F31A905-2170-4D5D-8235-D2FE32324894}.Debug|x86.Build.0 = Debug|x86
		{1F31A905-2170-4D5D-8235-D2FE32324894}.Debug|x86.Deploy.0 = Debug|x86
		{1F31A905-2170-4D5D-8235-D2FE32324894}.Release|ARM.ActiveCfg = Release|ARM
		{1F31A905-2170-4D5D-8235-D2FE32324894}.Release|ARM.Build.0 = Release|ARM
		{1F31A905-2170-4D5D-8235-D2FE32324894}.Release|ARM.Deploy.0 = Release|ARM
		{1F31A905-2170-4D5D-8235-D2FE32324894}.Release|ARM64.ActiveCfg = Release|ARM64
		{1F31A905-2170-4D5D-8235-D2FE32324894}.Release|ARM64.Build.0 = Release|ARM64
		{1F31A905-2170-4D5D-8235-D2FE32324894}.Release|ARM64.Deploy.0 = Release|ARM64
		{1F31A905-2170-4D5D-8235-D2FE32324894}.Release|x64.ActiveCfg = Release|x64
		{1F31A905-2170-4D5D-8235-D2FE32324894}.Release|x64.Build.0 = Release|x64
		{1F31A905-2170-4D5D-8235-D2FE32324894}.Release|x64.Deploy.0 = Release|x64
		{1F31A905-2170-4D5D-8235-D2FE32324894}.Release|x86.ActiveCfg = Release|x86
		{1F31A905-2170-4D5D-8235-D2FE32324894}.Release|x86.Build.0 = Release|x86
		{1F31A905-2170-4D5D-8235-D2FE32324894}.Release|x86.Deploy.0 = Release|x86
	EndGlobalSection
	GlobalSection(SolutionProperties) = preSolution
		HideSolutionNode = FALSE
	EndGlobalSection
	GlobalSection(ExtensibilityGlobals) = postSolution
		SolutionGuid = {47DFCF34-15BA-409F-8183-96105BB795F4}
	EndGlobalSection
EndGlobal
